
Microsoft Visual Studio Solution File, Format Version 12.00
# Visual Studio Version 17
VisualStudioVersion = 17.0.32112.339
MinimumVisualStudioVersion = 10.0.40219.1
Project("{9A19103F-16F7-4668-BE54-9A1E7A4F7556}") = "RazorPagesWithTypeScript", "RazorPagesWithTypeScript\RazorPagesWithTypeScript.csproj", "{879C8DD5-2BC6-4DFD-B316-55318BFF8BA9}"
EndProject
Project("{2150E333-8FDC-42A3-9474-1A3956D46DE8}") = "Solution Items", "Solution Items", "{68DEA1B1-BD73-4100-8276-CA0C0B72E84C}"
	ProjectSection(SolutionItems) = preProject
		img\img10.png = img\img10.png
		img\img11.png = img\img11.png
		img\img20.png = img\img20.png
		img\img21.png = img\img21.png
		img\img30.png = img\img30.png
		img\img31.png = img\img31.png
		README.md = README.md
	EndProjectSection
EndProject
Global
	GlobalSection(SolutionConfigurationPlatforms) = preSolution
		Debug|Any CPU = Debug|Any CPU
		Release|Any CPU = Release|Any CPU
	EndGlobalSection
	GlobalSection(ProjectConfigurationPlatforms) = postSolution
		{879C8DD5-2BC6-4DFD-B316-55318BFF8BA9}.Debug|Any CPU.ActiveCfg = Debug|Any CPU
		{879C8DD5-2BC6-4DFD-B316-55318BFF8BA9}.Debug|Any CPU.Build.0 = Debug|Any CPU
		{879C8DD5-2BC6-4DFD-B316-55318BFF8BA9}.Release|Any CPU.ActiveCfg = Release|Any CPU
		{879C8DD5-2BC6-4DFD-B316-55318BFF8BA9}.Release|Any CPU.Build.0 = Release|Any CPU
	EndGlobalSection
	GlobalSection(SolutionProperties) = preSolution
		HideSolutionNode = FALSE
	EndGlobalSection
	GlobalSection(ExtensibilityGlobals) = postSolution
		SolutionGuid = {7CC2B33A-105A-40EB-BD0B-39F7F900ACF7}
	EndGlobalSection
EndGlobal
